{
  "name": "clawjs",
  "version": "1.0.0",
  "lockfileVersion": 1,
  "requires": true,
  "dependencies": {
    "binary-parser": {
      "version": "github:Zax37/binary-parser#6d8741bcca03863ad4ec1d94a9dd61943b514060",
      "from": "github:Zax37/binary-parser",
      "dev": true
    },
    "eventemitter3": {
      "version": "3.1.0",
      "resolved": "https://registry.npmjs.org/eventemitter3/-/eventemitter3-3.1.0.tgz",
      "integrity": "sha512-ivIvhpq/Y0uSjcHDcOIccjmYjGLcP09MFGE7ysAwkAvkXfpZlC985pH2/ui64DKazbTW/4kN3yqozUxlXzI6cA=="
    },
    "pako": {
      "version": "1.0.6",
      "resolved": "https://registry.npmjs.org/pako/-/pako-1.0.6.tgz",
      "integrity": "sha512-lQe48YPsMJAig+yngZ87Lus+NF+3mtu7DVOBu6b/gHO1YpKwIj5AWjZ/TOS7i46HD/UixzWb1zeWDZfGZ3iYcg==",
      "dev": true
    },
    "phaser": {
      "version": "3.6.0",
      "resolved": "https://registry.npmjs.org/phaser/-/phaser-3.6.0.tgz",
      "integrity": "sha512-2Lic8ROzqwSHDqkX803mccQuRgmrJVMDCKDx8iv+Pnk4RQifT4N3sYLJFNs1axwXQ2rVTRMrF8q2ojsAgioZWQ==",
      "requires": {
        "eventemitter3": "^3.0.1"
      }
    }
  }
}
